{
  "lockfile_version": "1",
  "packages": {
    "bundler@latest": {
      "last_modified": "2026-05-21T08:15:18Z",
      "resolved": "github:NixOS/nixpkgs/4a29d733e8a7d5b824c3d8c958a946a9867b3eb2#bundler",
      "source": "devbox-search",
      "version": "2.7.2",
      "systems": {
        "aarch64-darwin": {
          "outputs": [
            {
              "name": "out",
              "path": "/nix/store/pc8waj68cr4rgqfy5ivpq0amgnfmlycs-bundler-2.7.2",
              "default": true
            }
          ],
          "store_path": "/nix/store/pc8waj68cr4rgqfy5ivpq0amgnfmlycs-bundler-2.7.2"
        },
        "aarch64-linux": {
          "outputs": [
            {
              "name": "out",
              "path": "/nix/store/qlwnx5iiabdssx549jxsaa4cz5gw6mws-bundler-2.7.2",
              "default": true
            }
          ],
          "store_path": "/nix/store/qlwnx5iiabdssx549jxsaa4cz5gw6mws-bundler-2.7.2"
        },
        "x86_64-darwin": {
          "outputs": [
            {
              "name": "out",
              "path": "/nix/store/c1j3zk5iwdg8kw6i232r6n0gd1x4ff2p-bundler-2.7.2",
              "default": true
            }
          ],
          "store_path": "/nix/store/c1j3zk5iwdg8kw6i232r6n0gd1x4ff2p-bundler-2.7.2"
        },
        "x86_64-linux": {
          "outputs": [
            {
              "name": "out",
              "path": "/nix/store/h1mbxa2abvyhzwkvp6vdbm346k3spbda-bundler-2.7.2",
              "default": true
            }
          ],
          "store_path": "/nix/store/h1mbxa2abvyhzwkvp6vdbm346k3spbda-bundler-2.7.2"
        }
      }
    },
    "git@latest": {
      "last_modified": "2026-05-21T08:15:18Z",
      "resolved": "github:NixOS/nixpkgs/4a29d733e8a7d5b824c3d8c958a946a9867b3eb2#git",
      "source": "devbox-search",
      "version": "2.54.0",
      "systems": {
        "aarch64-darwin": {
          "outputs": [
            {
              "name": "out",
              "path": "/nix/store/a14yxcqvv9x2l9mllgpirzhvz93pgprg-git-2.54.0",
              "default": true
            },
            {
              "name": "doc",
              "path": "/nix/store/zn8gmbxxf5398hxg6y6nk5jimj85qj69-git-2.54.0-doc"
            }
          ],
          "store_path": "/nix/store/a14yxcqvv9x2l9mllgpirzhvz93pgprg-git-2.54.0"
        },
        "aarch64-linux": {
          "outputs": [
            {
              "name": "out",
              "path": "/nix/store/ixp98f9avf8ikpdrmp40cj33g0dazyp9-git-2.54.0",
              "default": true
            },
            {
              "name": "debug",
              "path": "/nix/store/c7mafmqf28l7898rpbqqkd0p3m42hc03-git-2.54.0-debug"
            },
            {
              "name": "doc",
              "path": "/nix/store/klwr4n2snj7ldlpkhwarwlif80myx0vj-git-2.54.0-doc"
            }
          ],
          "store_path": "/nix/store/ixp98f9avf8ikpdrmp40cj33g0dazyp9-git-2.54.0"
        },
        "x86_64-darwin": {
          "outputs": [
            {
              "name": "out",
              "path": "/nix/store/s9lsrlgwr3sabw9a2dl3laykas0ijk85-git-2.54.0",
              "default": true
            },
            {
              "name": "doc",
              "path": "/nix/store/agyxy5ay4x06b52mj24rz44fc82328ha-git-2.54.0-doc"
            }
          ],
          "store_path": "/nix/store/s9lsrlgwr3sabw9a2dl3laykas0ijk85-git-2.54.0"
        },
        "x86_64-linux": {
          "outputs": [
            {
              "name": "out",
              "path": "/nix/store/bcnisk3ydfgv26v2gw3zlky24g00yww2-git-2.54.0",
              "default": true
            },
            {
              "name": "doc",
              "path": "/nix/store/l444690y78nfdwyzm6mghagl7xa97myf-git-2.54.0-doc"
            },
            {
              "name": "debug",
              "path": "/nix/store/72fyakk8w8idjbksk0h8jbkq6sgvcm85-git-2.54.0-debug"
            }
          ],
          "store_path": "/nix/store/bcnisk3ydfgv26v2gw3zlky24g00yww2-git-2.54.0"
        }
      }
    },
    "github:NixOS/nixpkgs/nixpkgs-unstable": {
      "last_modified": "2026-06-08T15:01:26Z",
      "resolved": "github:NixOS/nixpkgs/8c3cede7ddc26bd659d2d383b5610efbd2c7a16e?lastModified=1780930886&narHash=sha256-rppURzHviaQN131F%2BnLiLdGfcb0uCd9gGP0E5%2Biw9MI%3D"
    },
    "libffi@latest": {
      "last_modified": "2026-06-01T17:55:45Z",
      "resolved": "github:NixOS/nixpkgs/4df1b885d76a54e1aa1a318f8d16fd6005b6401f#libffi",
      "source": "devbox-search",
      "version": "3.5.2",
      "systems": {
        "aarch64-darwin": {
          "outputs": [
            {
              "name": "man",
              "path": "/nix/store/k3cjxfzds6kcbkzbk6nkrkw6nhwhfvdr-libffi-40-man",
              "default": true
            },
            {
              "path": "/nix/store/f0afx0r5bzvk3gdf8bdh4fssl0p75m1k-libffi-40",
              "default": true
            }
          ]
        },
        "aarch64-linux": {
          "outputs": [
            {
              "name": "out",
              "path": "/nix/store/c8agvk09xi1z86vb0kb1f3lkcwdymsca-libffi-3.5.2",
              "default": true
            },
            {
              "name": "man",
              "path": "/nix/store/rrrhgcxhza8h4jw26aw7vlzvihzxbjnv-libffi-3.5.2-man",
              "default": true
            },
            {
              "name": "dev",
              "path": "/nix/store/9mhmki2nsfgmk12whl0daddr530mz94z-libffi-3.5.2-dev"
            },
            {
              "name": "info",
              "path": "/nix/store/r1z4cx86yn53n2rzhvwmsq4wl1412ac3-libffi-3.5.2-info"
            }
          ],
          "store_path": "/nix/store/c8agvk09xi1z86vb0kb1f3lkcwdymsca-libffi-3.5.2"
        },
        "x86_64-linux": {
          "outputs": [
            {
              "name": "out",
              "path": "/nix/store/2zs4bbi72plfm8j6zxf1js4f3yc4yzwy-libffi-3.5.2",
              "default": true
            },
            {
              "name": "man",
              "path": "/nix/store/8jk4a6mz1dskcfgm7hybc74q95b10msd-libffi-3.5.2-man",
              "default": true
            },
            {
              "name": "info",
              "path": "/nix/store/n1xpzmdc6mh2iskkr0nj356c3n3dn4aj-libffi-3.5.2-info"
            },
            {
              "name": "dev",
              "path": "/nix/store/aj7zqrfxvg96ldyph7fly6qgprcm2krv-libffi-3.5.2-dev"
            }
          ],
          "store_path": "/nix/store/2zs4bbi72plfm8j6zxf1js4f3yc4yzwy-libffi-3.5.2"
        }
      }
    },
    "ruby_3_3": {
      "plugin_version": "0.0.2",
      "resolved": "github:NixOS/nixpkgs/8c3cede7ddc26bd659d2d383b5610efbd2c7a16e?narHash=sha256-rppURzHviaQN131F%2BnLiLdGfcb0uCd9gGP0E5%2Biw9MI%3D#ruby_3_3",
      "source": "nixpkg",
      "systems": {
        "aarch64-darwin": {
          "outputs": [
            {
              "path": "/nix/store/f6d706zmg8bhrq64kfnq7znxdzirr0sc-ruby-3.3.10",
              "default": true
            }
          ]
        }
      }
    }
  }
}
